
Microsoft Visual Studio Solution File, Format Version 12.00
# Visual Studio Version 17
VisualStudioVersion = 17.0.32002.185
MinimumVisualStudioVersion = 10.0.40219.1
Project("{9A19103F-16F7-4668-BE54-9A1E7A4F7556}") = "Illustre", "Illustre\Illustre.csproj", "{B8A2A055-47D5-41BD-9D61-66C22DA19636}"
EndProject
Project("{FAE04EC0-301F-11D3-BF4B-00C04F79EFBC}") = "Data", "Data\Data.csproj", "{97052D3A-A0A5-4EDC-9B97-2B12D895D4B5}"
EndProject
Global
	GlobalSection(SolutionConfigurationPlatforms) = preSolution
		Debug|Any CPU = Debug|Any CPU
		Release|Any CPU = Release|Any CPU
	EndGlobalSection
	GlobalSection(ProjectConfigurationPlatforms) = postSolution
		{B8A2A055-47D5-41BD-9D61-66C22DA19636}.Debug|Any CPU.ActiveCfg = Debug|Any CPU
		{B8A2A055-47D5-41BD-9D61-66C22DA19636}.Debug|Any CPU.Build.0 = Debug|Any CPU
		{B8A2A055-47D5-41BD-9D61-66C22DA19636}.Release|Any CPU.ActiveCfg = Release|Any CPU
		{B8A2A055-47D5-41BD-9D61-66C22DA19636}.Release|Any CPU.Build.0 = Release|Any CPU
		{97052D3A-A0A5-4EDC-9B97-2B12D895D4B5}.Debug|Any CPU.ActiveCfg = Debug|Any CPU
		{97052D3A-A0A5-4EDC-9B97-2B12D895D4B5}.Debug|Any CPU.Build.0 = Debug|Any CPU
		{97052D3A-A0A5-4EDC-9B97-2B12D895D4B5}.Release|Any CPU.ActiveCfg = Release|Any CPU
		{97052D3A-A0A5-4EDC-9B97-2B12D895D4B5}.Release|Any CPU.Build.0 = Release|Any CPU
	EndGlobalSection
	GlobalSection(SolutionProperties) = preSolution
		HideSolutionNode = FALSE
	EndGlobalSection
	GlobalSection(ExtensibilityGlobals) = postSolution
		SolutionGuid = {A2E3EC73-8150-464C-9B99-30F4DE7E3720}
	EndGlobalSection
EndGlobal
